// !$*UTF8*$!
{
	archiveVersion = 1;
	classes = {
	};
	objectVersion = 51;
	objects = {

/* Begin PBXBuildFile section */
		0D2E74822346CAB100B01BC8 /* AddReminderViewController.swift in Sources */ = {isa = PBXBuildFile; fileRef = 0D2E74812346CAB100B01BC8 /* AddReminderViewController.swift */; };
		0D2E74842346CF8400B01BC8 /* Storyboard.storyboard in Resources */ = {isa = PBXBuildFile; fileRef = 0D2E74832346CF8400B01BC8 /* Storyboard.storyboard */; };
		0D2E74862346D0A200B01BC8 /* Main.storyboard in Resources */ = {isa = PBXBuildFile; fileRef = 0D2E74852346D0A200B01BC8 /* Main.storyboard */; };
		0D2E7488234D68C400B01BC8 /* CustomCell.swift in Sources */ = {isa = PBXBuildFile; fileRef = 0D2E7487234D68C400B01BC8 /* CustomCell.swift */; };
		327869D72353C57200A8A2AB /* PetPalsIcon.png in Resources */ = {isa = PBXBuildFile; fileRef = 327869D62353C57200A8A2AB /* PetPalsIcon.png */; };
		327869DB2353D4A700A8A2AB /* AdminLoginViewController.swift in Sources */ = {isa = PBXBuildFile; fileRef = 327869DA2353D4A700A8A2AB /* AdminLoginViewController.swift */; };
		327869DD2353D7D000A8A2AB /* AdminRegisterViewController.swift in Sources */ = {isa = PBXBuildFile; fileRef = 327869DC2353D7D000A8A2AB /* AdminRegisterViewController.swift */; };
		327869DF2353DB2000A8A2AB /* RegisterViewController.swift in Sources */ = {isa = PBXBuildFile; fileRef = 327869DE2353DB2000A8A2AB /* RegisterViewController.swift */; };
		32C61BB7232D890000D68BE5 /* LoginViewController.swift in Sources */ = {isa = PBXBuildFile; fileRef = 32C61BB6232D890000D68BE5 /* LoginViewController.swift */; };
		32C61BB9232D8A6000D68BE5 /* HomeViewController.swift in Sources */ = {isa = PBXBuildFile; fileRef = 32C61BB8232D8A6000D68BE5 /* HomeViewController.swift */; };
		32F68F95232711DA0035DC53 /* AppDelegate.swift in Sources */ = {isa = PBXBuildFile; fileRef = 32F68F94232711DA0035DC53 /* AppDelegate.swift */; };
		32F68F97232711DA0035DC53 /* FirstViewController.swift in Sources */ = {isa = PBXBuildFile; fileRef = 32F68F96232711DA0035DC53 /* FirstViewController.swift */; };
		32F68F99232711DA0035DC53 /* SecondViewController.swift in Sources */ = {isa = PBXBuildFile; fileRef = 32F68F98232711DA0035DC53 /* SecondViewController.swift */; };
		32F68F9E232711DD0035DC53 /* Assets.xcassets in Resources */ = {isa = PBXBuildFile; fileRef = 32F68F9D232711DD0035DC53 /* Assets.xcassets */; };
		32F68FA1232711DD0035DC53 /* LaunchScreen.storyboard in Resources */ = {isa = PBXBuildFile; fileRef = 32F68F9F232711DD0035DC53 /* LaunchScreen.storyboard */; };
		32F68FA923271A230035DC53 /* GoogleService-Info.plist in Resources */ = {isa = PBXBuildFile; fileRef = 32F68FA823271A230035DC53 /* GoogleService-Info.plist */; };
		32FFDD772364912500EA9AE4 /* RemindersTableViewController.swift in Sources */ = {isa = PBXBuildFile; fileRef = 32FFDD762364912500EA9AE4 /* RemindersTableViewController.swift */; };
		897C055587933E826E44EE34 /* Pods_PetPals.framework in Frameworks */ = {isa = PBXBuildFile; fileRef = A4B0F6487EA7D7418D18C840 /* Pods_PetPals.framework */; };
/* End PBXBuildFile section */

/* Begin PBXFileReference section */
		0A1AAF9ED8147DF48EE8B9D6 /* Pods-PetPals.release.xcconfig */ = {isa = PBXFileReference; includeInIndex = 1; lastKnownFileType = text.xcconfig; name = "Pods-PetPals.release.xcconfig"; path = "Target Support Files/Pods-PetPals/Pods-PetPals.release.xcconfig"; sourceTree = "<group>"; };
		0D2E74812346CAB100B01BC8 /* AddReminderViewController.swift */ = {isa = PBXFileReference; lastKnownFileType = sourcecode.swift; path = AddReminderViewController.swift; sourceTree = "<group>"; };
		0D2E74832346CF8400B01BC8 /* Storyboard.storyboard */ = {isa = PBXFileReference; lastKnownFileType = file.storyboard; path = Storyboard.storyboard; sourceTree = "<group>"; };
		0D2E74852346D0A200B01BC8 /* Main.storyboard */ = {isa = PBXFileReference; fileEncoding = 4; lastKnownFileType = file.storyboard; path = Main.storyboard; sourceTree = "<group>"; };
		0D2E7487234D68C400B01BC8 /* CustomCell.swift */ = {isa = PBXFileReference; lastKnownFileType = sourcecode.swift; path = CustomCell.swift; sourceTree = "<group>"; };
		29E0D8E61283500FC9C5B87B /* Pods-PetPals.debug.xcconfig */ = {isa = PBXFileReference; includeInIndex = 1; lastKnownFileType = text.xcconfig; name = "Pods-PetPals.debug.xcconfig"; path = "Target Support Files/Pods-PetPals/Pods-PetPals.debug.xcconfig"; sourceTree = "<group>"; };
		327869D62353C57200A8A2AB /* PetPalsIcon.png */ = {isa = PBXFileReference; lastKnownFileType = image.png; name = PetPalsIcon.png; path = ../../../../Downloads/PetPalsIcon.png; sourceTree = "<group>"; };
		327869DA2353D4A700A8A2AB /* AdminLoginViewController.swift */ = {isa = PBXFileReference; lastKnownFileType = sourcecode.swift; path = AdminLoginViewController.swift; sourceTree = "<group>"; };
		327869DC2353D7D000A8A2AB /* AdminRegisterViewController.swift */ = {isa = PBXFileReference; lastKnownFileType = sourcecode.swift; path = AdminRegisterViewController.swift; sourceTree = "<group>"; };
		327869DE2353DB2000A8A2AB /* RegisterViewController.swift */ = {isa = PBXFileReference; lastKnownFileType = sourcecode.swift; path = RegisterViewController.swift; sourceTree = "<group>"; };
		32C61BB6232D890000D68BE5 /* LoginViewController.swift */ = {isa = PBXFileReference; lastKnownFileType = sourcecode.swift; path = LoginViewController.swift; sourceTree = "<group>"; };
		32C61BB8232D8A6000D68BE5 /* HomeViewController.swift */ = {isa = PBXFileReference; lastKnownFileType = sourcecode.swift; path = HomeViewController.swift; sourceTree = "<group>"; };
		32F68F91232711DA0035DC53 /* PetPals.app */ = {isa = PBXFileReference; explicitFileType = wrapper.application; includeInIndex = 0; path = PetPals.app; sourceTree = BUILT_PRODUCTS_DIR; };
		32F68F94232711DA0035DC53 /* AppDelegate.swift */ = {isa = PBXFileReference; lastKnownFileType = sourcecode.swift; path = AppDelegate.swift; sourceTree = "<group>"; };
		32F68F96232711DA0035DC53 /* FirstViewController.swift */ = {isa = PBXFileReference; lastKnownFileType = sourcecode.swift; path = FirstViewController.swift; sourceTree = "<group>"; };
		32F68F98232711DA0035DC53 /* SecondViewController.swift */ = {isa = PBXFileReference; lastKnownFileType = sourcecode.swift; path = SecondViewController.swift; sourceTree = "<group>"; };
		32F68F9D232711DD0035DC53 /* Assets.xcassets */ = {isa = PBXFileReference; lastKnownFileType = folder.assetcatalog; path = Assets.xcassets; sourceTree = "<group>"; };
		32F68FA0232711DD0035DC53 /* Base */ = {isa = PBXFileReference; lastKnownFileType = file.storyboard; name = Base; path = Base.lproj/LaunchScreen.storyboard; sourceTree = "<group>"; };
		32F68FA2232711DD0035DC53 /* Info.plist */ = {isa = PBXFileReference; lastKnownFileType = text.plist.xml; path = Info.plist; sourceTree = "<group>"; };
		32F68FA823271A230035DC53 /* GoogleService-Info.plist */ = {isa = PBXFileReference; fileEncoding = 4; lastKnownFileType = text.plist.xml; name = "GoogleService-Info.plist"; path = "../../../Downloads/GoogleService-Info.plist"; sourceTree = "<group>"; };
		32FFDD762364912500EA9AE4 /* RemindersTableViewController.swift */ = {isa = PBXFileReference; lastKnownFileType = sourcecode.swift; path = RemindersTableViewController.swift; sourceTree = "<group>"; };
		A4B0F6487EA7D7418D18C840 /* Pods_PetPals.framework */ = {isa = PBXFileReference; explicitFileType = wrapper.framework; includeInIndex = 0; path = Pods_PetPals.framework; sourceTree = BUILT_PRODUCTS_DIR; };
/* End PBXFileReference section */

/* Begin PBXFrameworksBuildPhase section */
		32F68F8E232711DA0035DC53 /* Frameworks */ = {
			isa = PBXFrameworksBuildPhase;
			buildActionMask = 2147483647;
			files = (
				897C055587933E826E44EE34 /* Pods_PetPals.framework in Frameworks */,
			);
			runOnlyForDeploymentPostprocessing = 0;
		};
/* End PBXFrameworksBuildPhase section */

/* Begin PBXGroup section */
		32F68F88232711DA0035DC53 = {
			isa = PBXGroup;
			children = (
				32F68F93232711DA0035DC53 /* PetPals */,
				32F68F92232711DA0035DC53 /* Products */,
				C0D3110409EA6D266070B452 /* Pods */,
				3F38A61A17B696253B9110A8 /* Frameworks */,
			);
			sourceTree = "<group>";
		};
		32F68F92232711DA0035DC53 /* Products */ = {
			isa = PBXGroup;
			children = (
				32F68F91232711DA0035DC53 /* PetPals.app */,
			);
			name = Products;
			sourceTree = "<group>";
		};
		32F68F93232711DA0035DC53 /* PetPals */ = {
			isa = PBXGroup;
			children = (
				32F68F94232711DA0035DC53 /* AppDelegate.swift */,
				32F68F96232711DA0035DC53 /* FirstViewController.swift */,
				32F68F98232711DA0035DC53 /* SecondViewController.swift */,
				0D2E74812346CAB100B01BC8 /* AddReminderViewController.swift */,
				32C61BB8232D8A6000D68BE5 /* HomeViewController.swift */,
				32C61BB6232D890000D68BE5 /* LoginViewController.swift */,
				0D2E74852346D0A200B01BC8 /* Main.storyboard */,
				327869DE2353DB2000A8A2AB /* RegisterViewController.swift */,
				32FFDD762364912500EA9AE4 /* RemindersTableViewController.swift */,
				327869DA2353D4A700A8A2AB /* AdminLoginViewController.swift */,
				327869DC2353D7D000A8A2AB /* AdminRegisterViewController.swift */,
				0D2E7487234D68C400B01BC8 /* CustomCell.swift */,
				32F68F9D232711DD0035DC53 /* Assets.xcassets */,
				327869D62353C57200A8A2AB /* PetPalsIcon.png */,
				32F68F9F232711DD0035DC53 /* LaunchScreen.storyboard */,
				32F68FA823271A230035DC53 /* GoogleService-Info.plist */,
				32F68FA2232711DD0035DC53 /* Info.plist */,
				0D2E74832346CF8400B01BC8 /* Storyboard.storyboard */,
			);
			path = PetPals;
			sourceTree = "<group>";
		};
		3F38A61A17B696253B9110A8 /* Frameworks */ = {
			isa = PBXGroup;
			children = (
				A4B0F6487EA7D7418D18C840 /* Pods_PetPals.framework */,
			);
			name = Frameworks;
			sourceTree = "<group>";
		};
		C0D3110409EA6D266070B452 /* Pods */ = {
			isa = PBXGroup;
			children = (
				29E0D8E61283500FC9C5B87B /* Pods-PetPals.debug.xcconfig */,
				0A1AAF9ED8147DF48EE8B9D6 /* Pods-PetPals.release.xcconfig */,
			);
			path = Pods;
			sourceTree = "<group>";
		};
/* End PBXGroup section */

/* Begin PBXNativeTarget section */
		32F68F90232711DA0035DC53 /* PetPals */ = {
			isa = PBXNativeTarget;
			buildConfigurationList = 32F68FA5232711DD0035DC53 /* Build configuration list for PBXNativeTarget "PetPals" */;
			buildPhases = (
				6F4016279498DC1F5D59A983 /* [CP] Check Pods Manifest.lock */,
				32F68F8D232711DA0035DC53 /* Sources */,
				32F68F8E232711DA0035DC53 /* Frameworks */,
				32F68F8F232711DA0035DC53 /* Resources */,
				7F66BA723B98097940872AC2 /* [CP] Embed Pods Frameworks */,
			);
			buildRules = (
			);
			dependencies = (
			);
			name = PetPals;
			productName = PetPals;
			productReference = 32F68F91232711DA0035DC53 /* PetPals.app */;
			productType = "com.apple.product-type.application";
		};
/* End PBXNativeTarget section */

/* Begin PBXProject section */
		32F68F89232711DA0035DC53 /* Project object */ = {
			isa = PBXProject;
			attributes = {
				LastSwiftUpdateCheck = 1030;
				LastUpgradeCheck = 1030;
				ORGANIZATIONNAME = "Michelle&Elizabeth";
				TargetAttributes = {
					32F68F90232711DA0035DC53 = {
						CreatedOnToolsVersion = 10.3;
					};
				};
			};
			buildConfigurationList = 32F68F8C232711DA0035DC53 /* Build configuration list for PBXProject "PetPals" */;
			compatibilityVersion = "Xcode 9.3";
			developmentRegion = en;
			hasScannedForEncodings = 0;
			knownRegions = (
				en,
				Base,
			);
			mainGroup = 32F68F88232711DA0035DC53;
			productRefGroup = 32F68F92232711DA0035DC53 /* Products */;
			projectDirPath = "";
			projectRoot = "";
			targets = (
				32F68F90232711DA0035DC53 /* PetPals */,
			);
		};
/* End PBXProject section */

/* Begin PBXResourcesBuildPhase section */
		32F68F8F232711DA0035DC53 /* Resources */ = {
			isa = PBXResourcesBuildPhase;
			buildActionMask = 2147483647;
			files = (
				32F68FA1232711DD0035DC53 /* LaunchScreen.storyboard in Resources */,
				0D2E74862346D0A200B01BC8 /* Main.storyboard in Resources */,
				0D2E74842346CF8400B01BC8 /* Storyboard.storyboard in Resources */,
				32F68FA923271A230035DC53 /* GoogleService-Info.plist in Resources */,
				327869D72353C57200A8A2AB /* PetPalsIcon.png in Resources */,
				32F68F9E232711DD0035DC53 /* Assets.xcassets in Resources */,
			);
			runOnlyForDeploymentPostprocessing = 0;
		};
/* End PBXResourcesBuildPhase section */

/* Begin PBXShellScriptBuildPhase section */
		6F4016279498DC1F5D59A983 /* [CP] Check Pods Manifest.lock */ = {
			isa = PBXShellScriptBuildPhase;
			buildActionMask = 2147483647;
			files = (
			);
			inputFileListPaths = (
			);
			inputPaths = (
				"${PODS_PODFILE_DIR_PATH}/Podfile.lock",
				"${PODS_ROOT}/Manifest.lock",
			);
			name = "[CP] Check Pods Manifest.lock";
			outputFileListPaths = (
			);
			outputPaths = (
				"$(DERIVED_FILE_DIR)/Pods-PetPals-checkManifestLockResult.txt",
			);
			runOnlyForDeploymentPostprocessing = 0;
			shellPath = /bin/sh;
			shellScript = "diff \"${PODS_PODFILE_DIR_PATH}/Podfile.lock\" \"${PODS_ROOT}/Manifest.lock\" > /dev/null\nif [ $? != 0 ] ; then\n    # print error to STDERR\n    echo \"error: The sandbox is not in sync with the Podfile.lock. Run 'pod install' or update your CocoaPods installation.\" >&2\n    exit 1\nfi\n# This output is used by Xcode 'outputs' to avoid re-running this script phase.\necho \"SUCCESS\" > \"${SCRIPT_OUTPUT_FILE_0}\"\n";
			showEnvVarsInLog = 0;
		};
		7F66BA723B98097940872AC2 /* [CP] Embed Pods Frameworks */ = {
			isa = PBXShellScriptBuildPhase;
			buildActionMask = 2147483647;
			files = (
			);
			inputFileListPaths = (
				"${PODS_ROOT}/Target Support Files/Pods-PetPals/Pods-PetPals-frameworks-${CONFIGURATION}-input-files.xcfilelist",
			);
			name = "[CP] Embed Pods Frameworks";
			outputFileListPaths = (
				"${PODS_ROOT}/Target Support Files/Pods-PetPals/Pods-PetPals-frameworks-${CONFIGURATION}-output-files.xcfilelist",
			);
			runOnlyForDeploymentPostprocessing = 0;
			shellPath = /bin/sh;
			shellScript = "\"${PODS_ROOT}/Target Support Files/Pods-PetPals/Pods-PetPals-frameworks.sh\"\n";
			showEnvVarsInLog = 0;
		};
/* End PBXShellScriptBuildPhase section */

/* Begin PBXSourcesBuildPhase section */
		32F68F8D232711DA0035DC53 /* Sources */ = {
			isa = PBXSourcesBuildPhase;
			buildActionMask = 2147483647;
			files = (
				32C61BB9232D8A6000D68BE5 /* HomeViewController.swift in Sources */,
				32FFDD772364912500EA9AE4 /* RemindersTableViewController.swift in Sources */,
				327869DF2353DB2000A8A2AB /* RegisterViewController.swift in Sources */,
				32C61BB7232D890000D68BE5 /* LoginViewController.swift in Sources */,
				327869DB2353D4A700A8A2AB /* AdminLoginViewController.swift in Sources */,
				32F68F99232711DA0035DC53 /* SecondViewController.swift in Sources */,
				32F68F95232711DA0035DC53 /* AppDelegate.swift in Sources */,
				0D2E74822346CAB100B01BC8 /* AddReminderViewController.swift in Sources */,
				0D2E7488234D68C400B01BC8 /* CustomCell.swift in Sources */,
				32F68F97232711DA0035DC53 /* FirstViewController.swift in Sources */,
				327869DD2353D7D000A8A2AB /* AdminRegisterViewController.swift in Sources */,
			);
			runOnlyForDeploymentPostprocessing = 0;
		};
/* End PBXSourcesBuildPhase section */

/* Begin PBXVariantGroup section */
		32F68F9F232711DD0035DC53 /* LaunchScreen.storyboard */ = {
			isa = PBXVariantGroup;
			children = (
				32F68FA0232711DD0035DC53 /* Base */,
			);
			name = LaunchScreen.storyboard;
			sourceTree = "<group>";
		};
/* End PBXVariantGroup section */

/* Begin XCBuildConfiguration section */
		32F68FA3232711DD0035DC53 /* Debug */ = {
			isa = XCBuildConfiguration;
			buildSettings = {
				ALWAYS_SEARCH_USER_PATHS = NO;
				CLANG_ANALYZER_NONNULL = YES;
				CLANG_ANALYZER_NUMBER_OBJECT_CONVERSION = YES_AGGRESSIVE;
				CLANG_CXX_LANGUAGE_STANDARD = "gnu++14";
				CLANG_CXX_LIBRARY = "libc++";
				CLANG_ENABLE_MODULES = YES;
				CLANG_ENABLE_OBJC_ARC = YES;
				CLANG_ENABLE_OBJC_WEAK = YES;
				CLANG_WARN_BLOCK_CAPTURE_AUTORELEASING = YES;
				CLANG_WARN_BOOL_CONVERSION = YES;
				CLANG_WARN_COMMA = YES;
				CLANG_WARN_CONSTANT_CONVERSION = YES;
				CLANG_WARN_DEPRECATED_OBJC_IMPLEMENTATIONS = YES;
				CLANG_WARN_DIRECT_OBJC_ISA_USAGE = YES_ERROR;
				CLANG_WARN_DOCUMENTATION_COMMENTS = YES;
				CLANG_WARN_EMPTY_BODY = YES;
				CLANG_WARN_ENUM_CONVERSION = YES;
				CLANG_WARN_INFINITE_RECURSION = YES;
				CLANG_WARN_INT_CONVERSION = YES;
				CLANG_WARN_NON_LITERAL_NULL_CONVERSION = YES;
				CLANG_WARN_OBJC_IMPLICIT_RETAIN_SELF = YES;
				CLANG_WARN_OBJC_LITERAL_CONVERSION = YES;
				CLANG_WARN_OBJC_ROOT_CLASS = YES_ERROR;
				CLANG_WARN_RANGE_LOOP_ANALYSIS = YES;
				CLANG_WARN_STRICT_PROTOTYPES = YES;
				CLANG_WARN_SUSPICIOUS_MOVE = YES;
				CLANG_WARN_UNGUARDED_AVAILABILITY = YES_AGGRESSIVE;
				CLANG_WARN_UNREACHABLE_CODE = YES;
				CLANG_WARN__DUPLICATE_METHOD_MATCH = YES;
				CODE_SIGN_IDENTITY = "iPhone Developer";
				COPY_PHASE_STRIP = NO;
				DEBUG_INFORMATION_FORMAT = dwarf;
				ENABLE_STRICT_OBJC_MSGSEND = YES;
				ENABLE_TESTABILITY = YES;
				GCC_C_LANGUAGE_STANDARD = gnu11;
				GCC_DYNAMIC_NO_PIC = NO;
				GCC_NO_COMMON_BLOCKS = YES;
				GCC_OPTIMIZATION_LEVEL = 0;
				GCC_PREPROCESSOR_DEFINITIONS = (
					"DEBUG=1",
					"$(inherited)",
				);
				GCC_WARN_64_TO_32_BIT_CONVERSION = YES;
				GCC_WARN_ABOUT_RETURN_TYPE = YES_ERROR;
				GCC_WARN_UNDECLARED_SELECTOR = YES;
				GCC_WARN_UNINITIALIZED_AUTOS = YES_AGGRESSIVE;
				GCC_WARN_UNUSED_FUNCTION = YES;
				GCC_WARN_UNUSED_VARIABLE = YES;
				IPHONEOS_DEPLOYMENT_TARGET = 12.4;
				MTL_ENABLE_DEBUG_INFO = INCLUDE_SOURCE;
				MTL_FAST_MATH = YES;
				ONLY_ACTIVE_ARCH = YES;
				SDKROOT = iphoneos;
				SWIFT_ACTIVE_COMPILATION_CONDITIONS = DEBUG;
				SWIFT_OPTIMIZATION_LEVEL = "-Onone";
			};
			name = Debug;
		};
		32F68FA4232711DD0035DC53 /* Release */ = {
			isa = XCBuildConfiguration;
			buildSettings = {
				ALWAYS_SEARCH_USER_PATHS = NO;
				CLANG_ANALYZER_NONNULL = YES;
				CLANG_ANALYZER_NUMBER_OBJECT_CONVERSION = YES_AGGRESSIVE;
				CLANG_CXX_LANGUAGE_STANDARD = "gnu++14";
				CLANG_CXX_LIBRARY = "libc++";
				CLANG_ENABLE_MODULES = YES;
				CLANG_ENABLE_OBJC_ARC = YES;
				CLANG_ENABLE_OBJC_WEAK = YES;
				CLANG_WARN_BLOCK_CAPTURE_AUTORELEASING = YES;
				CLANG_WARN_BOOL_CONVERSION = YES;
				CLANG_WARN_COMMA = YES;
				CLANG_WARN_CONSTANT_CONVERSION = YES;
				CLANG_WARN_DEPRECATED_OBJC_IMPLEMENTATIONS = YES;
				CLANG_WARN_DIRECT_OBJC_ISA_USAGE = YES_ERROR;
				CLANG_WARN_DOCUMENTATION_COMMENTS = YES;
				CLANG_WARN_EMPTY_BODY = YES;
				CLANG_WARN_ENUM_CONVERSION = YES;
				CLANG_WARN_INFINITE_RECURSION = YES;
				CLANG_WARN_INT_CONVERSION = YES;
				CLANG_WARN_NON_LITERAL_NULL_CONVERSION = YES;
				CLANG_WARN_OBJC_IMPLICIT_RETAIN_SELF = YES;
				CLANG_WARN_OBJC_LITERAL_CONVERSION = YES;
				CLANG_WARN_OBJC_ROOT_CLASS = YES_ERROR;
				CLANG_WARN_RANGE_LOOP_ANALYSIS = YES;
				CLANG_WARN_STRICT_PROTOTYPES = YES;
				CLANG_WARN_SUSPICIOUS_MOVE = YES;
				CLANG_WARN_UNGUARDED_AVAILABILITY = YES_AGGRESSIVE;
				CLANG_WARN_UNREACHABLE_CODE = YES;
				CLANG_WARN__DUPLICATE_METHOD_MATCH = YES;
				CODE_SIGN_IDENTITY = "iPhone Developer";
				COPY_PHASE_STRIP = NO;
				DEBUG_INFORMATION_FORMAT = "dwarf-with-dsym";
				ENABLE_NS_ASSERTIONS = NO;
				ENABLE_STRICT_OBJC_MSGSEND = YES;
				GCC_C_LANGUAGE_STANDARD = gnu11;
				GCC_NO_COMMON_BLOCKS = YES;
				GCC_WARN_64_TO_32_BIT_CONVERSION = YES;
				GCC_WARN_ABOUT_RETURN_TYPE = YES_ERROR;
				GCC_WARN_UNDECLARED_SELECTOR = YES;
				GCC_WARN_UNINITIALIZED_AUTOS = YES_AGGRESSIVE;
				GCC_WARN_UNUSED_FUNCTION = YES;
				GCC_WARN_UNUSED_VARIABLE = YES;
				IPHONEOS_DEPLOYMENT_TARGET = 12.4;
				MTL_ENABLE_DEBUG_INFO = NO;
				MTL_FAST_MATH = YES;
				SDKROOT = iphoneos;
				SWIFT_COMPILATION_MODE = wholemodule;
				SWIFT_OPTIMIZATION_LEVEL = "-O";
				VALIDATE_PRODUCT = YES;
			};
			name = Release;
		};
		32F68FA6232711DD0035DC53 /* Debug */ = {
			isa = XCBuildConfiguration;
			baseConfigurationReference = 29E0D8E61283500FC9C5B87B /* Pods-PetPals.debug.xcconfig */;
			buildSettings = {
				ASSETCATALOG_COMPILER_APPICON_NAME = AppIcon;
				CODE_SIGN_STYLE = Automatic;
				DEVELOPMENT_TEAM = S33WNUD963;
				INFOPLIST_FILE = PetPals/Info.plist;
				LD_RUNPATH_SEARCH_PATHS = (
					"$(inherited)",
					"@executable_path/Frameworks",
				);
				PRODUCT_BUNDLE_IDENTIFIER = michelle.elizabeth.PetPals;
				PRODUCT_NAME = "$(TARGET_NAME)";
				SWIFT_VERSION = 5.0;
				TARGETED_DEVICE_FAMILY = "1,2";
			};
			name = Debug;
		};
		32F68FA7232711DD0035DC53 /* Release */ = {
			isa = XCBuildConfiguration;
			baseConfigurationReference = 0A1AAF9ED8147DF48EE8B9D6 /* Pods-PetPals.release.xcconfig */;
			buildSettings = {
				ASSETCATALOG_COMPILER_APPICON_NAME = AppIcon;
				CODE_SIGN_STYLE = Automatic;
				DEVELOPMENT_TEAM = S33WNUD963;
				INFOPLIST_FILE = PetPals/Info.plist;
				LD_RUNPATH_SEARCH_PATHS = (
					"$(inherited)",
					"@executable_path/Frameworks",
				);
				PRODUCT_BUNDLE_IDENTIFIER = michelle.elizabeth.PetPals;
				PRODUCT_NAME = "$(TARGET_NAME)";
				SWIFT_VERSION = 5.0;
				TARGETED_DEVICE_FAMILY = "1,2";
			};
			name = Release;
		};
/* End XCBuildConfiguration section */

/* Begin XCConfigurationList section */
		32F68F8C232711DA0035DC53 /* Build configuration list for PBXProject "PetPals" */ = {
			isa = XCConfigurationList;
			buildConfigurations = (
				32F68FA3232711DD0035DC53 /* Debug */,
				32F68FA4232711DD0035DC53 /* Release */,
			);
			defaultConfigurationIsVisible = 0;
			defaultConfigurationName = Release;
		};
		32F68FA5232711DD0035DC53 /* Build configuration list for PBXNativeTarget "PetPals" */ = {
			isa = XCConfigurationList;
			buildConfigurations = (
				32F68FA6232711DD0035DC53 /* Debug */,
				32F68FA7232711DD0035DC53 /* Release */,
			);
			defaultConfigurationIsVisible = 0;
			defaultConfigurationName = Release;
		};
/* End XCConfigurationList section */
	};
	rootObject = 32F68F89232711DA0035DC53 /* Project object */;
}
